// !$*UTF8*$!
{
	archiveVersion = 1;
	classes = {
	};
	objectVersion = 46;
	objects = {

/* Begin PBXBuildFile section */
		C51785451A8F05D4008EC48E /* main.m in Sources */ = {isa = PBXBuildFile; fileRef = C51785441A8F05D4008EC48E /* main.m */; };
		C51785481A8F05D4008EC48E /* AppDelegate.m in Sources */ = {isa = PBXBuildFile; fileRef = C51785471A8F05D4008EC48E /* AppDelegate.m */; };
		C517854B1A8F05D4008EC48E /* ViewController.m in Sources */ = {isa = PBXBuildFile; fileRef = C517854A1A8F05D4008EC48E /* ViewController.m */; };
		C517854E1A8F05D4008EC48E /* Main.storyboard in Resources */ = {isa = PBXBuildFile; fileRef = C517854C1A8F05D4008EC48E /* Main.storyboard */; };
		C51785501A8F05D4008EC48E /* Images.xcassets in Resources */ = {isa = PBXBuildFile; fileRef = C517854F1A8F05D4008EC48E /* Images.xcassets */; };
		C51785531A8F05D4008EC48E /* LaunchScreen.xib in Resources */ = {isa = PBXBuildFile; fileRef = C51785511A8F05D4008EC48E /* LaunchScreen.xib */; };
		C517855F1A8F05D4008EC48E /* Health_AppTests.m in Sources */ = {isa = PBXBuildFile; fileRef = C517855E1A8F05D4008EC48E /* Health_AppTests.m */; };
/* End PBXBuildFile section */

/* Begin PBXContainerItemProxy section */
		C51785591A8F05D4008EC48E /* PBXContainerItemProxy */ = {
			isa = PBXContainerItemProxy;
			containerPortal = C51785371A8F05D4008EC48E /* Project object */;
			proxyType = 1;
			remoteGlobalIDString = C517853E1A8F05D4008EC48E;
			remoteInfo = "Health App";
		};
/* End PBXContainerItemProxy section */

/* Begin PBXFileReference section */
		C517853F1A8F05D4008EC48E /* Health App.app */ = {isa = PBXFileReference; explicitFileType = wrapper.application; includeInIndex = 0; path = "Health App.app"; sourceTree = BUILT_PRODUCTS_DIR; };
		C51785431A8F05D4008EC48E /* Info.plist */ = {isa = PBXFileReference; lastKnownFileType = text.plist.xml; path = Info.plist; sourceTree = "<group>"; };
		C51785441A8F05D4008EC48E /* main.m */ = {isa = PBXFileReference; lastKnownFileType = sourcecode.c.objc; path = main.m; sourceTree = "<group>"; };
		C51785461A8F05D4008EC48E /* AppDelegate.h */ = {isa = PBXFileReference; lastKnownFileType = sourcecode.c.h; path = AppDelegate.h; sourceTree = "<group>"; };
		C51785471A8F05D4008EC48E /* AppDelegate.m */ = {isa = PBXFileReference; lastKnownFileType = sourcecode.c.objc; path = AppDelegate.m; sourceTree = "<group>"; };
		C51785491A8F05D4008EC48E /* ViewController.h */ = {isa = PBXFileReference; lastKnownFileType = sourcecode.c.h; path = ViewController.h; sourceTree = "<group>"; };
		C517854A1A8F05D4008EC48E /* ViewController.m */ = {isa = PBXFileReference; lastKnownFileType = sourcecode.c.objc; path = ViewController.m; sourceTree = "<group>"; };
		C517854D1A8F05D4008EC48E /* Base */ = {isa = PBXFileReference; lastKnownFileType = file.storyboard; name = Base; path = Base.lproj/Main.storyboard; sourceTree = "<group>"; };
		C517854F1A8F05D4008EC48E /* Images.xcassets */ = {isa = PBXFileReference; lastKnownFileType = folder.assetcatalog; path = Images.xcassets; sourceTree = "<group>"; };
		C51785521A8F05D4008EC48E /* Base */ = {isa = PBXFileReference; lastKnownFileType = file.xib; name = Base; path = Base.lproj/LaunchScreen.xib; sourceTree = "<group>"; };
		C51785581A8F05D4008EC48E /* Health AppTests.xctest */ = {isa = PBXFileReference; explicitFileType = wrapper.cfbundle; includeInIndex = 0; path = "Health AppTests.xctest"; sourceTree = BUILT_PRODUCTS_DIR; };
		C517855D1A8F05D4008EC48E /* Info.plist */ = {isa = PBXFileReference; lastKnownFileType = text.plist.xml; path = Info.plist; sourceTree = "<group>"; };
		C517855E1A8F05D4008EC48E /* Health_AppTests.m */ = {isa = PBXFileReference; lastKnownFileType = sourcecode.c.objc; path = Health_AppTests.m; sourceTree = "<group>"; };
/* End PBXFileReference section */

/* Begin PBXFrameworksBuildPhase section */
		C517853C1A8F05D4008EC48E /* Frameworks */ = {
			isa = PBXFrameworksBuildPhase;
			buildActionMask = 2147483647;
			files = (
			);
			runOnlyForDeploymentPostprocessing = 0;
		};
		C51785551A8F05D4008EC48E /* Frameworks */ = {
			isa = PBXFrameworksBuildPhase;
			buildActionMask = 2147483647;
			files = (
			);
			runOnlyForDeploymentPostprocessing = 0;
		};
/* End PBXFrameworksBuildPhase section */

/* Begin PBXGroup section */
		C51785361A8F05D4008EC48E = {
			isa = PBXGroup;
			children = (
				C51785411A8F05D4008EC48E /* Health App */,
				C517855B1A8F05D4008EC48E /* Health AppTests */,
				C51785401A8F05D4008EC48E /* Products */,
			);
			sourceTree = "<group>";
		};
		C51785401A8F05D4008EC48E /* Products */ = {
			isa = PBXGroup;
			children = (
				C517853F1A8F05D4008EC48E /* Health App.app */,
				C51785581A8F05D4008EC48E /* Health AppTests.xctest */,
			);
			name = Products;
			sourceTree = "<group>";
		};
		C51785411A8F05D4008EC48E /* Health App */ = {
			isa = PBXGroup;
			children = (
				C51785461A8F05D4008EC48E /* AppDelegate.h */,
				C51785471A8F05D4008EC48E /* AppDelegate.m */,
				C51785491A8F05D4008EC48E /* ViewController.h */,
				C517854A1A8F05D4008EC48E /* ViewController.m */,
				C517854C1A8F05D4008EC48E /* Main.storyboard */,
				C517854F1A8F05D4008EC48E /* Images.xcassets */,
				C51785511A8F05D4008EC48E /* LaunchScreen.xib */,
				C51785421A8F05D4008EC48E /* Supporting Files */,
			);
			path = "Health App";
			sourceTree = "<group>";
		};
		C51785421A8F05D4008EC48E /* Supporting Files */ = {
			isa = PBXGroup;
			children = (
				C51785431A8F05D4008EC48E /* Info.plist */,
				C51785441A8F05D4008EC48E /* main.m */,
			);
			name = "Supporting Files";
			sourceTree = "<group>";
		};
		C517855B1A8F05D4008EC48E /* Health AppTests */ = {
			isa = PBXGroup;
			children = (
				C517855E1A8F05D4008EC48E /* Health_AppTests.m */,
				C517855C1A8F05D4008EC48E /* Supporting Files */,
			);
			path = "Health AppTests";
			sourceTree = "<group>";
		};
		C517855C1A8F05D4008EC48E /* Supporting Files */ = {
			isa = PBXGroup;
			children = (
				C517855D1A8F05D4008EC48E /* Info.plist */,
			);
			name = "Supporting Files";
			sourceTree = "<group>";
		};
/* End PBXGroup section */

/* Begin PBXNativeTarget section */
		C517853E1A8F05D4008EC48E /* Health App */ = {
			isa = PBXNativeTarget;
			buildConfigurationList = C51785621A8F05D4008EC48E /* Build configuration list for PBXNativeTarget "Health App" */;
			buildPhases = (
				C517853B1A8F05D4008EC48E /* Sources */,
				C517853C1A8F05D4008EC48E /* Frameworks */,
				C517853D1A8F05D4008EC48E /* Resources */,
			);
			buildRules = (
			);
			dependencies = (
			);
			name = "Health App";
			productName = "Health App";
			productReference = C517853F1A8F05D4008EC48E /* Health App.app */;
			productType = "com.apple.product-type.application";
		};
		C51785571A8F05D4008EC48E /* Health AppTests */ = {
			isa = PBXNativeTarget;
			buildConfigurationList = C51785651A8F05D4008EC48E /* Build configuration list for PBXNativeTarget "Health AppTests" */;
			buildPhases = (
				C51785541A8F05D4008EC48E /* Sources */,
				C51785551A8F05D4008EC48E /* Frameworks */,
				C51785561A8F05D4008EC48E /* Resources */,
			);
			buildRules = (
			);
			dependencies = (
				C517855A1A8F05D4008EC48E /* PBXTargetDependency */,
			);
			name = "Health AppTests";
			productName = "Health AppTests";
			productReference = C51785581A8F05D4008EC48E /* Health AppTests.xctest */;
			productType = "com.apple.product-type.bundle.unit-test";
		};
/* End PBXNativeTarget section */

/* Begin PBXProject section */
		C51785371A8F05D4008EC48E /* Project object */ = {
			isa = PBXProject;
			attributes = {
				LastUpgradeCheck = 0610;
				ORGANIZATIONNAME = "Brandon Shega";
				TargetAttributes = {
					C517853E1A8F05D4008EC48E = {
						CreatedOnToolsVersion = 6.1.1;
					};
					C51785571A8F05D4008EC48E = {
						CreatedOnToolsVersion = 6.1.1;
						TestTargetID = C517853E1A8F05D4008EC48E;
					};
				};
			};
			buildConfigurationList = C517853A1A8F05D4008EC48E /* Build configuration list for PBXProject "Health App" */;
			compatibilityVersion = "Xcode 3.2";
			developmentRegion = English;
			hasScannedForEncodings = 0;
			knownRegions = (
				en,
				Base,
			);
			mainGroup = C51785361A8F05D4008EC48E;
			productRefGroup = C51785401A8F05D4008EC48E /* Products */;
			projectDirPath = "";
			projectRoot = "";
			targets = (
				C517853E1A8F05D4008EC48E /* Health App */,
				C51785571A8F05D4008EC48E /* Health AppTests */,
			);
		};
/* End PBXProject section */

/* Begin PBXResourcesBuildPhase section */
		C517853D1A8F05D4008EC48E /* Resources */ = {
			isa = PBXResourcesBuildPhase;
			buildActionMask = 2147483647;
			files = (
				C517854E1A8F05D4008EC48E /* Main.storyboard in Resources */,
				C51785531A8F05D4008EC48E /* LaunchScreen.xib in Resources */,
				C51785501A8F05D4008EC48E /* Images.xcassets in Resources */,
			);
			runOnlyForDeploymentPostprocessing = 0;
		};
		C51785561A8F05D4008EC48E /* Resources */ = {
			isa = PBXResourcesBuildPhase;
			buildActionMask = 2147483647;
			files = (
			);
			runOnlyForDeploymentPostprocessing = 0;
		};
/* End PBXResourcesBuildPhase section */

/* Begin PBXSourcesBuildPhase section */
		C517853B1A8F05D4008EC48E /* Sources */ = {
			isa = PBXSourcesBuildPhase;
			buildActionMask = 2147483647;
			files = (
				C517854B1A8F05D4008EC48E /* ViewController.m in Sources */,
				C51785481A8F05D4008EC48E /* AppDelegate.m in Sources */,
				C51785451A8F05D4008EC48E /* main.m in Sources */,
			);
			runOnlyForDeploymentPostprocessing = 0;
		};
		C51785541A8F05D4008EC48E /* Sources */ = {
			isa = PBXSourcesBuildPhase;
			buildActionMask = 2147483647;
			files = (
				C517855F1A8F05D4008EC48E /* Health_AppTests.m in Sources */,
			);
			runOnlyForDeploymentPostprocessing = 0;
		};
/* End PBXSourcesBuildPhase section */

/* Begin PBXTargetDependency section */
		C517855A1A8F05D4008EC48E /* PBXTargetDependency */ = {
			isa = PBXTargetDependency;
			target = C517853E1A8F05D4008EC48E /* Health App */;
			targetProxy = C51785591A8F05D4008EC48E /* PBXContainerItemProxy */;
		};
/* End PBXTargetDependency section */

/* Begin PBXVariantGroup section */
		C517854C1A8F05D4008EC48E /* Main.storyboard */ = {
			isa = PBXVariantGroup;
			children = (
				C517854D1A8F05D4008EC48E /* Base */,
			);
			name = Main.storyboard;
			sourceTree = "<group>";
		};
		C51785511A8F05D4008EC48E /* LaunchScreen.xib */ = {
			isa = PBXVariantGroup;
			children = (
				C51785521A8F05D4008EC48E /* Base */,
			);
			name = LaunchScreen.xib;
			sourceTree = "<group>";
		};
/* End PBXVariantGroup section */

/* Begin XCBuildConfiguration section */
		C51785601A8F05D4008EC48E /* Debug */ = {
			isa = XCBuildConfiguration;
			buildSettings = {
				ALWAYS_SEARCH_USER_PATHS = NO;
				CLANG_CXX_LANGUAGE_STANDARD = "gnu++0x";
				CLANG_CXX_LIBRARY = "libc++";
				CLANG_ENABLE_MODULES = YES;
				CLANG_ENABLE_OBJC_ARC = YES;
				CLANG_WARN_BOOL_CONVERSION = YES;
				CLANG_WARN_CONSTANT_CONVERSION = YES;
				CLANG_WARN_DIRECT_OBJC_ISA_USAGE = YES_ERROR;
				CLANG_WARN_EMPTY_BODY = YES;
				CLANG_WARN_ENUM_CONVERSION = YES;
				CLANG_WARN_INT_CONVERSION = YES;
				CLANG_WARN_OBJC_ROOT_CLASS = YES_ERROR;
				CLANG_WARN_UNREACHABLE_CODE = YES;
				CLANG_WARN__DUPLICATE_METHOD_MATCH = YES;
				"CODE_SIGN_IDENTITY[sdk=iphoneos*]" = "iPhone Developer";
				COPY_PHASE_STRIP = NO;
				ENABLE_STRICT_OBJC_MSGSEND = YES;
				GCC_C_LANGUAGE_STANDARD = gnu99;
				GCC_DYNAMIC_NO_PIC = NO;
				GCC_OPTIMIZATION_LEVEL = 0;
				GCC_PREPROCESSOR_DEFINITIONS = (
					"DEBUG=1",
					"$(inherited)",
				);
				GCC_SYMBOLS_PRIVATE_EXTERN = NO;
				GCC_WARN_64_TO_32_BIT_CONVERSION = YES;
				GCC_WARN_ABOUT_RETURN_TYPE = YES_ERROR;
				GCC_WARN_UNDECLARED_SELECTOR = YES;
				GCC_WARN_UNINITIALIZED_AUTOS = YES_AGGRESSIVE;
				GCC_WARN_UNUSED_FUNCTION = YES;
				GCC_WARN_UNUSED_VARIABLE = YES;
				IPHONEOS_DEPLOYMENT_TARGET = 8.1;
				MTL_ENABLE_DEBUG_INFO = YES;
				ONLY_ACTIVE_ARCH = YES;
				SDKROOT = iphoneos;
			};
			name = Debug;
		};
		C51785611A8F05D4008EC48E /* Release */ = {
			isa = XCBuildConfiguration;
			buildSettings = {
				ALWAYS_SEARCH_USER_PATHS = NO;
				CLANG_CXX_LANGUAGE_STANDARD = "gnu++0x";
				CLANG_CXX_LIBRARY = "libc++";
				CLANG_ENABLE_MODULES = YES;
				CLANG_ENABLE_OBJC_ARC = YES;
				CLANG_WARN_BOOL_CONVERSION = YES;
				CLANG_WARN_CONSTANT_CONVERSION = YES;
				CLANG_WARN_DIRECT_OBJC_ISA_USAGE = YES_ERROR;
				CLANG_WARN_EMPTY_BODY = YES;
				CLANG_WARN_ENUM_CONVERSION = YES;
				CLANG_WARN_INT_CONVERSION = YES;
				CLANG_WARN_OBJC_ROOT_CLASS = YES_ERROR;
				CLANG_WARN_UNREACHABLE_CODE = YES;
				CLANG_WARN__DUPLICATE_METHOD_MATCH = YES;
				"CODE_SIGN_IDENTITY[sdk=iphoneos*]" = "iPhone Developer";
				COPY_PHASE_STRIP = YES;
				ENABLE_NS_ASSERTIONS = NO;
				ENABLE_STRICT_OBJC_MSGSEND = YES;
				GCC_C_LANGUAGE_STANDARD = gnu99;
				GCC_WARN_64_TO_32_BIT_CONVERSION = YES;
				GCC_WARN_ABOUT_RETURN_TYPE = YES_ERROR;
				GCC_WARN_UNDECLARED_SELECTOR = YES;
				GCC_WARN_UNINITIALIZED_AUTOS = YES_AGGRESSIVE;
				GCC_WARN_UNUSED_FUNCTION = YES;
				GCC_WARN_UNUSED_VARIABLE = YES;
				IPHONEOS_DEPLOYMENT_TARGET = 8.1;
				MTL_ENABLE_DEBUG_INFO = NO;
				SDKROOT = iphoneos;
				VALIDATE_PRODUCT = YES;
			};
			name = Release;
		};
		C51785631A8F05D4008EC48E /* Debug */ = {
			isa = XCBuildConfiguration;
			buildSettings = {
				ASSETCATALOG_COMPILER_APPICON_NAME = AppIcon;
				INFOPLIST_FILE = "Health App/Info.plist";
				LD_RUNPATH_SEARCH_PATHS = "$(inherited) @executable_path/Frameworks";
				PRODUCT_NAME = "$(TARGET_NAME)";
			};
			name = Debug;
		};
		C51785641A8F05D4008EC48E /* Release */ = {
			isa = XCBuildConfiguration;
			buildSettings = {
				ASSETCATALOG_COMPILER_APPICON_NAME = AppIcon;
				INFOPLIST_FILE = "Health App/Info.plist";
				LD_RUNPATH_SEARCH_PATHS = "$(inherited) @executable_path/Frameworks";
				PRODUCT_NAME = "$(TARGET_NAME)";
			};
			name = Release;
		};
		C51785661A8F05D4008EC48E /* Debug */ = {
			isa = XCBuildConfiguration;
			buildSettings = {
				BUNDLE_LOADER = "$(TEST_HOST)";
				FRAMEWORK_SEARCH_PATHS = (
					"$(SDKROOT)/Developer/Library/Frameworks",
					"$(inherited)",
				);
				GCC_PREPROCESSOR_DEFINITIONS = (
					"DEBUG=1",
					"$(inherited)",
				);
				INFOPLIST_FILE = "Health AppTests/Info.plist";
				LD_RUNPATH_SEARCH_PATHS = "$(inherited) @executable_path/Frameworks @loader_path/Frameworks";
				PRODUCT_NAME = "$(TARGET_NAME)";
				TEST_HOST = "$(BUILT_PRODUCTS_DIR)/Health App.app/Health App";
			};
			name = Debug;
		};
		C51785671A8F05D4008EC48E /* Release */ = {
			isa = XCBuildConfiguration;
			buildSettings = {
				BUNDLE_LOADER = "$(TEST_HOST)";
				FRAMEWORK_SEARCH_PATHS = (
					"$(SDKROOT)/Developer/Library/Frameworks",
					"$(inherited)",
				);
				INFOPLIST_FILE = "Health AppTests/Info.plist";
				LD_RUNPATH_SEARCH_PATHS = "$(inherited) @executable_path/Frameworks @loader_path/Frameworks";
				PRODUCT_NAME = "$(TARGET_NAME)";
				TEST_HOST = "$(BUILT_PRODUCTS_DIR)/Health App.app/Health App";
			};
			name = Release;
		};
/* End XCBuildConfiguration section */

/* Begin XCConfigurationList section */
		C517853A1A8F05D4008EC48E /* Build configuration list for PBXProject "Health App" */ = {
			isa = XCConfigurationList;
			buildConfigurations = (
				C51785601A8F05D4008EC48E /* Debug */,
				C51785611A8F05D4008EC48E /* Release */,
			);
			defaultConfigurationIsVisible = 0;
			defaultConfigurationName = Release;
		};
		C51785621A8F05D4008EC48E /* Build configuration list for PBXNativeTarget "Health App" */ = {
			isa = XCConfigurationList;
			buildConfigurations = (
				C51785631A8F05D4008EC48E /* Debug */,
				C51785641A8F05D4008EC48E /* Release */,
			);
			defaultConfigurationIsVisible = 0;
		};
		C51785651A8F05D4008EC48E /* Build configuration list for PBXNativeTarget "Health AppTests" */ = {
			isa = XCConfigurationList;
			buildConfigurations = (
				C51785661A8F05D4008EC48E /* Debug */,
				C51785671A8F05D4008EC48E /* Release */,
			);
			defaultConfigurationIsVisible = 0;
		};
/* End XCConfigurationList section */
	};
	rootObject = C51785371A8F05D4008EC48E /* Project object */;
}
